
Microsoft Visual Studio Solution File, Format Version 12.00
# Visual Studio Version 17
VisualStudioVersion = 17.8.34316.72
MinimumVisualStudioVersion = 10.0.40219.1
Project("{FAE04EC0-301F-11D3-BF4B-00C04F79EFBC}") = "DepartManagerWebAPI", "DepartManagerWebAPI\DepartManagerWebAPI.csproj", "{9355B082-9764-4872-A50E-3B647DCA1821}"
EndProject
Global
	GlobalSection(SolutionConfigurationPlatforms) = preSolution
		Debug|Any CPU = Debug|Any CPU
		Release|Any CPU = Release|Any CPU
	EndGlobalSection
	GlobalSection(ProjectConfigurationPlatforms) = postSolution
		{9355B082-9764-4872-A50E-3B647DCA1821}.Debug|Any CPU.ActiveCfg = Debug|Any CPU
		{9355B082-9764-4872-A50E-3B647DCA1821}.Debug|Any CPU.Build.0 = Debug|Any CPU
		{9355B082-9764-4872-A50E-3B647DCA1821}.Release|Any CPU.ActiveCfg = Release|Any CPU
		{9355B082-9764-4872-A50E-3B647DCA1821}.Release|Any CPU.Build.0 = Release|Any CPU
	EndGlobalSection
	GlobalSection(SolutionProperties) = preSolution
		HideSolutionNode = FALSE
	EndGlobalSection
	GlobalSection(ExtensibilityGlobals) = postSolution
		SolutionGuid = {4E61E348-6F74-40D8-80B5-311224C24A35}
	EndGlobalSection
EndGlobal
